
Microsoft Visual Studio Solution File, Format Version 12.00
# Visual Studio 2013
VisualStudioVersion = 12.0.31101.0
MinimumVisualStudioVersion = 10.0.40219.1
Project("{FAE04EC0-301F-11D3-BF4B-00C04F79EFBC}") = "Employee Admin DB Connection", "Employee Admin DB Connection\Employee Admin DB Connection.csproj", "{C3514A93-B226-42C0-AD26-A9C8A02280C5}"
EndProject
Project("{FAE04EC0-301F-11D3-BF4B-00C04F79EFBC}") = "Employee Admin Software V1", "Employee Admin Software V1\Employee Admin Software V1.csproj", "{4BF25B71-88CF-4BF2-AABE-5D6852856903}"
EndProject
Global
	GlobalSection(SolutionConfigurationPlatforms) = preSolution
		Debug|Any CPU = Debug|Any CPU
		Release|Any CPU = Release|Any CPU
	EndGlobalSection
	GlobalSection(ProjectConfigurationPlatforms) = postSolution
		{C3514A93-B226-42C0-AD26-A9C8A02280C5}.Debug|Any CPU.ActiveCfg = Debug|Any CPU
		{C3514A93-B226-42C0-AD26-A9C8A02280C5}.Debug|Any CPU.Build.0 = Debug|Any CPU
		{C3514A93-B226-42C0-AD26-A9C8A02280C5}.Release|Any CPU.ActiveCfg = Release|Any CPU
		{C3514A93-B226-42C0-AD26-A9C8A02280C5}.Release|Any CPU.Build.0 = Release|Any CPU
		{4BF25B71-88CF-4BF2-AABE-5D6852856903}.Debug|Any CPU.ActiveCfg = Debug|Any CPU
		{4BF25B71-88CF-4BF2-AABE-5D6852856903}.Debug|Any CPU.Build.0 = Debug|Any CPU
		{4BF25B71-88CF-4BF2-AABE-5D6852856903}.Release|Any CPU.ActiveCfg = Release|Any CPU
		{4BF25B71-88CF-4BF2-AABE-5D6852856903}.Release|Any CPU.Build.0 = Release|Any CPU
	EndGlobalSection
	GlobalSection(SolutionProperties) = preSolution
		HideSolutionNode = FALSE
	EndGlobalSection
EndGlobal
